
Microsoft Visual Studio Solution File, Format Version 12.00
# Visual Studio 15
VisualStudioVersion = 15.0.27130.2020
MinimumVisualStudioVersion = 10.0.40219.1
Project("{FAE04EC0-301F-11D3-BF4B-00C04F79EFBC}") = "MinTranslation", "MinTranslation.csproj", "{8A785476-1AF1-47C8-95BB-7153DBAB8CB3}"
EndProject
Global
	GlobalSection(SolutionConfigurationPlatforms) = preSolution
		Debug|Any CPU = Debug|Any CPU
		Release|Any CPU = Release|Any CPU
	EndGlobalSection
	GlobalSection(ProjectConfigurationPlatforms) = postSolution
		{8A785476-1AF1-47C8-95BB-7153DBAB8CB3}.Debug|Any CPU.ActiveCfg = Debug|Any CPU
		{8A785476-1AF1-47C8-95BB-7153DBAB8CB3}.Debug|Any CPU.Build.0 = Debug|Any CPU
		{8A785476-1AF1-47C8-95BB-7153DBAB8CB3}.Release|Any CPU.ActiveCfg = Release|Any CPU
		{8A785476-1AF1-47C8-95BB-7153DBAB8CB3}.Release|Any CPU.Build.0 = Release|Any CPU
	EndGlobalSection
	GlobalSection(SolutionProperties) = preSolution
		HideSolutionNode = FALSE
	EndGlobalSection
	GlobalSection(ExtensibilityGlobals) = postSolution
		SolutionGuid = {034C7B8F-40B9-4265-84F6-4611CEB917F4}
	EndGlobalSection
EndGlobal
